
Microsoft Visual Studio Solution File, Format Version 12.00
# Visual Studio Version 17
VisualStudioVersion = 17.13.35919.96 d17.13
MinimumVisualStudioVersion = 10.0.40219.1
Project("{FAE04EC0-301F-11D3-BF4B-00C04F79EFBC}") = "BaiTapLap1.3", "BaiTapLap1.3\BaiTapLap1.3.csproj", "{895BD246-45E7-4D02-AD54-08C8D979DBE5}"
EndProject
Global
	GlobalSection(SolutionConfigurationPlatforms) = preSolution
		Debug|Any CPU = Debug|Any CPU
		Release|Any CPU = Release|Any CPU
	EndGlobalSection
	GlobalSection(ProjectConfigurationPlatforms) = postSolution
		{895BD246-45E7-4D02-AD54-08C8D979DBE5}.Debug|Any CPU.ActiveCfg = Debug|Any CPU
		{895BD246-45E7-4D02-AD54-08C8D979DBE5}.Debug|Any CPU.Build.0 = Debug|Any CPU
		{895BD246-45E7-4D02-AD54-08C8D979DBE5}.Release|Any CPU.ActiveCfg = Release|Any CPU
		{895BD246-45E7-4D02-AD54-08C8D979DBE5}.Release|Any CPU.Build.0 = Release|Any CPU
	EndGlobalSection
	GlobalSection(SolutionProperties) = preSolution
		HideSolutionNode = FALSE
	EndGlobalSection
	GlobalSection(ExtensibilityGlobals) = postSolution
		SolutionGuid = {DA16CA73-12DE-41B4-962F-B992C8018F34}
	EndGlobalSection
EndGlobal
